{
    "requires": true,
    "lockfileVersion": 1,
    "dependencies": {
        "puppeteer-jquery": {
            "version": "0.3.0",
            "resolved": "https://registry.npmjs.org/puppeteer-jquery/-/puppeteer-jquery-0.3.0.tgz",
            "integrity": "sha512-f2TluCtbLhMp6iV/oJZm6D9Fqw22LXgiG+9cM14MHBj6hdLTom63moYuAzHgtHnhqB34Q0zqe69D41ze7fG54g=="
        }
    }
}
